// !$*UTF8*$!
{
	archiveVersion = 1;
	classes = {
	};
	objectVersion = 55;
	objects = {

/* Begin PBXBuildFile section */
		F9C602EC28EF054600DDF334 /* AppDelegate.swift in Sources */ = {isa = PBXBuildFile; fileRef = F9C602EB28EF054600DDF334 /* AppDelegate.swift */; };
		F9C602EE28EF054600DDF334 /* SceneDelegate.swift in Sources */ = {isa = PBXBuildFile; fileRef = F9C602ED28EF054600DDF334 /* SceneDelegate.swift */; };
		F9C602F528EF054800DDF334 /* Assets.xcassets in Resources */ = {isa = PBXBuildFile; fileRef = F9C602F428EF054800DDF334 /* Assets.xcassets */; };
		F9C6030228EF05FF00DDF334 /* Localizable.strings in Resources */ = {isa = PBXBuildFile; fileRef = F9C6030428EF05FF00DDF334 /* Localizable.strings */; };
		F9C6030828EF07F400DDF334 /* Habit.swift in Sources */ = {isa = PBXBuildFile; fileRef = F9C6030728EF07F400DDF334 /* Habit.swift */; };
		F9C6030A28EF082900DDF334 /* HabitsStore.swift in Sources */ = {isa = PBXBuildFile; fileRef = F9C6030928EF082900DDF334 /* HabitsStore.swift */; };
		F9C6030D28EF0A1400DDF334 /* TabBarController.swift in Sources */ = {isa = PBXBuildFile; fileRef = F9C6030C28EF0A1400DDF334 /* TabBarController.swift */; };
		F9C6031028EF0AE900DDF334 /* HabitsViewController.swift in Sources */ = {isa = PBXBuildFile; fileRef = F9C6030F28EF0AE900DDF334 /* HabitsViewController.swift */; };
		F9C6031228EF0B1D00DDF334 /* InfoViewController.swift in Sources */ = {isa = PBXBuildFile; fileRef = F9C6031128EF0B1D00DDF334 /* InfoViewController.swift */; };
		F9C6031428F1B32A00DDF334 /* HabitViewController.swift in Sources */ = {isa = PBXBuildFile; fileRef = F9C6031328F1B32A00DDF334 /* HabitViewController.swift */; };
		F9C6031928F4600A00DDF334 /* TextUtils.swift in Sources */ = {isa = PBXBuildFile; fileRef = F9C6031828F4600A00DDF334 /* TextUtils.swift */; };
		F9C6031C28FAD37A00DDF334 /* HabitView.swift in Sources */ = {isa = PBXBuildFile; fileRef = F9C6031B28FAD37900DDF334 /* HabitView.swift */; };
		F9C6031E28FADBA700DDF334 /* HabitsTrackView.swift in Sources */ = {isa = PBXBuildFile; fileRef = F9C6031D28FADBA700DDF334 /* HabitsTrackView.swift */; };
/* End PBXBuildFile section */

/* Begin PBXFileReference section */
		F9C602E828EF054600DDF334 /* MyHabits.app */ = {isa = PBXFileReference; explicitFileType = wrapper.application; includeInIndex = 0; path = MyHabits.app; sourceTree = BUILT_PRODUCTS_DIR; };
		F9C602EB28EF054600DDF334 /* AppDelegate.swift */ = {isa = PBXFileReference; lastKnownFileType = sourcecode.swift; path = AppDelegate.swift; sourceTree = "<group>"; };
		F9C602ED28EF054600DDF334 /* SceneDelegate.swift */ = {isa = PBXFileReference; lastKnownFileType = sourcecode.swift; path = SceneDelegate.swift; sourceTree = "<group>"; };
		F9C602F428EF054800DDF334 /* Assets.xcassets */ = {isa = PBXFileReference; lastKnownFileType = folder.assetcatalog; path = Assets.xcassets; sourceTree = "<group>"; };
		F9C602F928EF054800DDF334 /* Info.plist */ = {isa = PBXFileReference; lastKnownFileType = text.plist.xml; path = Info.plist; sourceTree = "<group>"; };
		F9C6030328EF05FF00DDF334 /* en */ = {isa = PBXFileReference; lastKnownFileType = text.plist.strings; name = en; path = en.lproj/Localizable.strings; sourceTree = "<group>"; };
		F9C6030528EF060200DDF334 /* ru */ = {isa = PBXFileReference; lastKnownFileType = text.plist.strings; name = ru; path = ru.lproj/Localizable.strings; sourceTree = "<group>"; };
		F9C6030728EF07F400DDF334 /* Habit.swift */ = {isa = PBXFileReference; lastKnownFileType = sourcecode.swift; path = Habit.swift; sourceTree = "<group>"; };
		F9C6030928EF082900DDF334 /* HabitsStore.swift */ = {isa = PBXFileReference; lastKnownFileType = sourcecode.swift; path = HabitsStore.swift; sourceTree = "<group>"; };
		F9C6030C28EF0A1400DDF334 /* TabBarController.swift */ = {isa = PBXFileReference; lastKnownFileType = sourcecode.swift; path = TabBarController.swift; sourceTree = "<group>"; };
		F9C6030F28EF0AE900DDF334 /* HabitsViewController.swift */ = {isa = PBXFileReference; lastKnownFileType = sourcecode.swift; path = HabitsViewController.swift; sourceTree = "<group>"; };
		F9C6031128EF0B1D00DDF334 /* InfoViewController.swift */ = {isa = PBXFileReference; lastKnownFileType = sourcecode.swift; path = InfoViewController.swift; sourceTree = "<group>"; };
		F9C6031328F1B32A00DDF334 /* HabitViewController.swift */ = {isa = PBXFileReference; lastKnownFileType = sourcecode.swift; path = HabitViewController.swift; sourceTree = "<group>"; };
		F9C6031828F4600A00DDF334 /* TextUtils.swift */ = {isa = PBXFileReference; lastKnownFileType = sourcecode.swift; path = TextUtils.swift; sourceTree = "<group>"; };
		F9C6031B28FAD37900DDF334 /* HabitView.swift */ = {isa = PBXFileReference; lastKnownFileType = sourcecode.swift; path = HabitView.swift; sourceTree = "<group>"; };
		F9C6031D28FADBA700DDF334 /* HabitsTrackView.swift */ = {isa = PBXFileReference; lastKnownFileType = sourcecode.swift; path = HabitsTrackView.swift; sourceTree = "<group>"; };
/* End PBXFileReference section */

/* Begin PBXFrameworksBuildPhase section */
		F9C602E528EF054600DDF334 /* Frameworks */ = {
			isa = PBXFrameworksBuildPhase;
			buildActionMask = 2147483647;
			files = (
			);
			runOnlyForDeploymentPostprocessing = 0;
		};
/* End PBXFrameworksBuildPhase section */

/* Begin PBXGroup section */
		F9C602DF28EF054600DDF334 = {
			isa = PBXGroup;
			children = (
				F9C602EA28EF054600DDF334 /* MyHabits */,
				F9C602E928EF054600DDF334 /* Products */,
			);
			sourceTree = "<group>";
		};
		F9C602E928EF054600DDF334 /* Products */ = {
			isa = PBXGroup;
			children = (
				F9C602E828EF054600DDF334 /* MyHabits.app */,
			);
			name = Products;
			sourceTree = "<group>";
		};
		F9C602EA28EF054600DDF334 /* MyHabits */ = {
			isa = PBXGroup;
			children = (
				F9C6031A28FAD35900DDF334 /* Views */,
				F9C6031728F45FF100DDF334 /* Utils */,
				F9C6030B28EF09FC00DDF334 /* Controllers */,
				F9C6030628EF07E000DDF334 /* Data */,
				F9C602EB28EF054600DDF334 /* AppDelegate.swift */,
				F9C602ED28EF054600DDF334 /* SceneDelegate.swift */,
				F9C602F428EF054800DDF334 /* Assets.xcassets */,
				F9C602F928EF054800DDF334 /* Info.plist */,
				F9C6030428EF05FF00DDF334 /* Localizable.strings */,
			);
			path = MyHabits;
			sourceTree = "<group>";
		};
		F9C6030628EF07E000DDF334 /* Data */ = {
			isa = PBXGroup;
			children = (
				F9C6030728EF07F400DDF334 /* Habit.swift */,
				F9C6030928EF082900DDF334 /* HabitsStore.swift */,
			);
			path = Data;
			sourceTree = "<group>";
		};
		F9C6030B28EF09FC00DDF334 /* Controllers */ = {
			isa = PBXGroup;
			children = (
				F9C6030E28EF0ACB00DDF334 /* ViewControllers */,
				F9C6030C28EF0A1400DDF334 /* TabBarController.swift */,
			);
			path = Controllers;
			sourceTree = "<group>";
		};
		F9C6030E28EF0ACB00DDF334 /* ViewControllers */ = {
			isa = PBXGroup;
			children = (
				F9C6030F28EF0AE900DDF334 /* HabitsViewController.swift */,
				F9C6031128EF0B1D00DDF334 /* InfoViewController.swift */,
				F9C6031328F1B32A00DDF334 /* HabitViewController.swift */,
			);
			path = ViewControllers;
			sourceTree = "<group>";
		};
		F9C6031728F45FF100DDF334 /* Utils */ = {
			isa = PBXGroup;
			children = (
				F9C6031828F4600A00DDF334 /* TextUtils.swift */,
			);
			path = Utils;
			sourceTree = "<group>";
		};
		F9C6031A28FAD35900DDF334 /* Views */ = {
			isa = PBXGroup;
			children = (
				F9C6031B28FAD37900DDF334 /* HabitView.swift */,
				F9C6031D28FADBA700DDF334 /* HabitsTrackView.swift */,
			);
			path = Views;
			sourceTree = "<group>";
		};
/* End PBXGroup section */

/* Begin PBXNativeTarget section */
		F9C602E728EF054600DDF334 /* MyHabits */ = {
			isa = PBXNativeTarget;
			buildConfigurationList = F9C602FC28EF054800DDF334 /* Build configuration list for PBXNativeTarget "MyHabits" */;
			buildPhases = (
				F9C602E428EF054600DDF334 /* Sources */,
				F9C602E528EF054600DDF334 /* Frameworks */,
				F9C602E628EF054600DDF334 /* Resources */,
			);
			buildRules = (
			);
			dependencies = (
			);
			name = MyHabits;
			productName = MyHabits;
			productReference = F9C602E828EF054600DDF334 /* MyHabits.app */;
			productType = "com.apple.product-type.application";
		};
/* End PBXNativeTarget section */

/* Begin PBXProject section */
		F9C602E028EF054600DDF334 /* Project object */ = {
			isa = PBXProject;
			attributes = {
				BuildIndependentTargetsInParallel = 1;
				LastSwiftUpdateCheck = 1300;
				LastUpgradeCheck = 1300;
				TargetAttributes = {
					F9C602E728EF054600DDF334 = {
						CreatedOnToolsVersion = 13.0;
					};
				};
			};
			buildConfigurationList = F9C602E328EF054600DDF334 /* Build configuration list for PBXProject "MyHabits" */;
			compatibilityVersion = "Xcode 13.0";
			developmentRegion = en;
			hasScannedForEncodings = 0;
			knownRegions = (
				en,
				Base,
				ru,
			);
			mainGroup = F9C602DF28EF054600DDF334;
			productRefGroup = F9C602E928EF054600DDF334 /* Products */;
			projectDirPath = "";
			projectRoot = "";
			targets = (
				F9C602E728EF054600DDF334 /* MyHabits */,
			);
		};
/* End PBXProject section */

/* Begin PBXResourcesBuildPhase section */
		F9C602E628EF054600DDF334 /* Resources */ = {
			isa = PBXResourcesBuildPhase;
			buildActionMask = 2147483647;
			files = (
				F9C6030228EF05FF00DDF334 /* Localizable.strings in Resources */,
				F9C602F528EF054800DDF334 /* Assets.xcassets in Resources */,
			);
			runOnlyForDeploymentPostprocessing = 0;
		};
/* End PBXResourcesBuildPhase section */

/* Begin PBXSourcesBuildPhase section */
		F9C602E428EF054600DDF334 /* Sources */ = {
			isa = PBXSourcesBuildPhase;
			buildActionMask = 2147483647;
			files = (
				F9C602EC28EF054600DDF334 /* AppDelegate.swift in Sources */,
				F9C6031028EF0AE900DDF334 /* HabitsViewController.swift in Sources */,
				F9C6031E28FADBA700DDF334 /* HabitsTrackView.swift in Sources */,
				F9C6030828EF07F400DDF334 /* Habit.swift in Sources */,
				F9C6030D28EF0A1400DDF334 /* TabBarController.swift in Sources */,
				F9C6030A28EF082900DDF334 /* HabitsStore.swift in Sources */,
				F9C6031228EF0B1D00DDF334 /* InfoViewController.swift in Sources */,
				F9C6031428F1B32A00DDF334 /* HabitViewController.swift in Sources */,
				F9C6031928F4600A00DDF334 /* TextUtils.swift in Sources */,
				F9C602EE28EF054600DDF334 /* SceneDelegate.swift in Sources */,
				F9C6031C28FAD37A00DDF334 /* HabitView.swift in Sources */,
			);
			runOnlyForDeploymentPostprocessing = 0;
		};
/* End PBXSourcesBuildPhase section */

/* Begin PBXVariantGroup section */
		F9C6030428EF05FF00DDF334 /* Localizable.strings */ = {
			isa = PBXVariantGroup;
			children = (
				F9C6030328EF05FF00DDF334 /* en */,
				F9C6030528EF060200DDF334 /* ru */,
			);
			name = Localizable.strings;
			sourceTree = "<group>";
		};
/* End PBXVariantGroup section */

/* Begin XCBuildConfiguration section */
		F9C602FA28EF054800DDF334 /* Debug */ = {
			isa = XCBuildConfiguration;
			buildSettings = {
				ALWAYS_SEARCH_USER_PATHS = NO;
				CLANG_ANALYZER_LOCALIZABILITY_NONLOCALIZED = YES;
				CLANG_ANALYZER_NONNULL = YES;
				CLANG_ANALYZER_NUMBER_OBJECT_CONVERSION = YES_AGGRESSIVE;
				CLANG_CXX_LANGUAGE_STANDARD = "gnu++17";
				CLANG_CXX_LIBRARY = "libc++";
				CLANG_ENABLE_MODULES = YES;
				CLANG_ENABLE_OBJC_ARC = YES;
				CLANG_ENABLE_OBJC_WEAK = YES;
				CLANG_WARN_BLOCK_CAPTURE_AUTORELEASING = YES;
				CLANG_WARN_BOOL_CONVERSION = YES;
				CLANG_WARN_COMMA = YES;
				CLANG_WARN_CONSTANT_CONVERSION = YES;
				CLANG_WARN_DEPRECATED_OBJC_IMPLEMENTATIONS = YES;
				CLANG_WARN_DIRECT_OBJC_ISA_USAGE = YES_ERROR;
				CLANG_WARN_DOCUMENTATION_COMMENTS = YES;
				CLANG_WARN_EMPTY_BODY = YES;
				CLANG_WARN_ENUM_CONVERSION = YES;
				CLANG_WARN_INFINITE_RECURSION = YES;
				CLANG_WARN_INT_CONVERSION = YES;
				CLANG_WARN_NON_LITERAL_NULL_CONVERSION = YES;
				CLANG_WARN_OBJC_IMPLICIT_RETAIN_SELF = YES;
				CLANG_WARN_OBJC_LITERAL_CONVERSION = YES;
				CLANG_WARN_OBJC_ROOT_CLASS = YES_ERROR;
				CLANG_WARN_QUOTED_INCLUDE_IN_FRAMEWORK_HEADER = YES;
				CLANG_WARN_RANGE_LOOP_ANALYSIS = YES;
				CLANG_WARN_STRICT_PROTOTYPES = YES;
				CLANG_WARN_SUSPICIOUS_MOVE = YES;
				CLANG_WARN_UNGUARDED_AVAILABILITY = YES_AGGRESSIVE;
				CLANG_WARN_UNREACHABLE_CODE = YES;
				CLANG_WARN__DUPLICATE_METHOD_MATCH = YES;
				COPY_PHASE_STRIP = NO;
				DEBUG_INFORMATION_FORMAT = dwarf;
				ENABLE_STRICT_OBJC_MSGSEND = YES;
				ENABLE_TESTABILITY = YES;
				GCC_C_LANGUAGE_STANDARD = gnu11;
				GCC_DYNAMIC_NO_PIC = NO;
				GCC_NO_COMMON_BLOCKS = YES;
				GCC_OPTIMIZATION_LEVEL = 0;
				GCC_PREPROCESSOR_DEFINITIONS = (
					"DEBUG=1",
					"$(inherited)",
				);
				GCC_WARN_64_TO_32_BIT_CONVERSION = YES;
				GCC_WARN_ABOUT_RETURN_TYPE = YES_ERROR;
				GCC_WARN_UNDECLARED_SELECTOR = YES;
				GCC_WARN_UNINITIALIZED_AUTOS = YES_AGGRESSIVE;
				GCC_WARN_UNUSED_FUNCTION = YES;
				GCC_WARN_UNUSED_VARIABLE = YES;
				IPHONEOS_DEPLOYMENT_TARGET = 15.0;
				MTL_ENABLE_DEBUG_INFO = INCLUDE_SOURCE;
				MTL_FAST_MATH = YES;
				ONLY_ACTIVE_ARCH = YES;
				SDKROOT = iphoneos;
				SWIFT_ACTIVE_COMPILATION_CONDITIONS = DEBUG;
				SWIFT_OPTIMIZATION_LEVEL = "-Onone";
			};
			name = Debug;
		};
		F9C602FB28EF054800DDF334 /* Release */ = {
			isa = XCBuildConfiguration;
			buildSettings = {
				ALWAYS_SEARCH_USER_PATHS = NO;
				CLANG_ANALYZER_LOCALIZABILITY_NONLOCALIZED = YES;
				CLANG_ANALYZER_NONNULL = YES;
				CLANG_ANALYZER_NUMBER_OBJECT_CONVERSION = YES_AGGRESSIVE;
				CLANG_CXX_LANGUAGE_STANDARD = "gnu++17";
				CLANG_CXX_LIBRARY = "libc++";
				CLANG_ENABLE_MODULES = YES;
				CLANG_ENABLE_OBJC_ARC = YES;
				CLANG_ENABLE_OBJC_WEAK = YES;
				CLANG_WARN_BLOCK_CAPTURE_AUTORELEASING = YES;
				CLANG_WARN_BOOL_CONVERSION = YES;
				CLANG_WARN_COMMA = YES;
				CLANG_WARN_CONSTANT_CONVERSION = YES;
				CLANG_WARN_DEPRECATED_OBJC_IMPLEMENTATIONS = YES;
				CLANG_WARN_DIRECT_OBJC_ISA_USAGE = YES_ERROR;
				CLANG_WARN_DOCUMENTATION_COMMENTS = YES;
				CLANG_WARN_EMPTY_BODY = YES;
				CLANG_WARN_ENUM_CONVERSION = YES;
				CLANG_WARN_INFINITE_RECURSION = YES;
				CLANG_WARN_INT_CONVERSION = YES;
				CLANG_WARN_NON_LITERAL_NULL_CONVERSION = YES;
				CLANG_WARN_OBJC_IMPLICIT_RETAIN_SELF = YES;
				CLANG_WARN_OBJC_LITERAL_CONVERSION = YES;
				CLANG_WARN_OBJC_ROOT_CLASS = YES_ERROR;
				CLANG_WARN_QUOTED_INCLUDE_IN_FRAMEWORK_HEADER = YES;
				CLANG_WARN_RANGE_LOOP_ANALYSIS = YES;
				CLANG_WARN_STRICT_PROTOTYPES = YES;
				CLANG_WARN_SUSPICIOUS_MOVE = YES;
				CLANG_WARN_UNGUARDED_AVAILABILITY = YES_AGGRESSIVE;
				CLANG_WARN_UNREACHABLE_CODE = YES;
				CLANG_WARN__DUPLICATE_METHOD_MATCH = YES;
				COPY_PHASE_STRIP = NO;
				DEBUG_INFORMATION_FORMAT = "dwarf-with-dsym";
				ENABLE_NS_ASSERTIONS = NO;
				ENABLE_STRICT_OBJC_MSGSEND = YES;
				GCC_C_LANGUAGE_STANDARD = gnu11;
				GCC_NO_COMMON_BLOCKS = YES;
				GCC_WARN_64_TO_32_BIT_CONVERSION = YES;
				GCC_WARN_ABOUT_RETURN_TYPE = YES_ERROR;
				GCC_WARN_UNDECLARED_SELECTOR = YES;
				GCC_WARN_UNINITIALIZED_AUTOS = YES_AGGRESSIVE;
				GCC_WARN_UNUSED_FUNCTION = YES;
				GCC_WARN_UNUSED_VARIABLE = YES;
				IPHONEOS_DEPLOYMENT_TARGET = 15.0;
				MTL_ENABLE_DEBUG_INFO = NO;
				MTL_FAST_MATH = YES;
				SDKROOT = iphoneos;
				SWIFT_COMPILATION_MODE = wholemodule;
				SWIFT_OPTIMIZATION_LEVEL = "-O";
				VALIDATE_PRODUCT = YES;
			};
			name = Release;
		};
		F9C602FD28EF054800DDF334 /* Debug */ = {
			isa = XCBuildConfiguration;
			buildSettings = {
				ASSETCATALOG_COMPILER_APPICON_NAME = AppIcon;
				ASSETCATALOG_COMPILER_GLOBAL_ACCENT_COLOR_NAME = AccentColor;
				CODE_SIGN_STYLE = Automatic;
				CURRENT_PROJECT_VERSION = 1;
				DEVELOPMENT_TEAM = ZYCY24J2LU;
				GENERATE_INFOPLIST_FILE = YES;
				INFOPLIST_FILE = MyHabits/Info.plist;
				INFOPLIST_KEY_UIApplicationSupportsIndirectInputEvents = YES;
				INFOPLIST_KEY_UILaunchStoryboardName = LaunchScreen;
				INFOPLIST_KEY_UISupportedInterfaceOrientations = UIInterfaceOrientationPortrait;
				INFOPLIST_KEY_UISupportedInterfaceOrientations_iPad = "UIInterfaceOrientationPortrait UIInterfaceOrientationPortraitUpsideDown UIInterfaceOrientationLandscapeLeft UIInterfaceOrientationLandscapeRight";
				INFOPLIST_KEY_UISupportedInterfaceOrientations_iPhone = "UIInterfaceOrientationPortrait UIInterfaceOrientationLandscapeLeft UIInterfaceOrientationLandscapeRight";
				LD_RUNPATH_SEARCH_PATHS = (
					"$(inherited)",
					"@executable_path/Frameworks",
				);
				MARKETING_VERSION = 1.0;
				PRODUCT_BUNDLE_IDENTIFIER = "Yoji-team.MyHabits";
				PRODUCT_NAME = "$(TARGET_NAME)";
				SWIFT_EMIT_LOC_STRINGS = YES;
				SWIFT_VERSION = 5.0;
				TARGETED_DEVICE_FAMILY = "1,2";
			};
			name = Debug;
		};
		F9C602FE28EF054800DDF334 /* Release */ = {
			isa = XCBuildConfiguration;
			buildSettings = {
				ASSETCATALOG_COMPILER_APPICON_NAME = AppIcon;
				ASSETCATALOG_COMPILER_GLOBAL_ACCENT_COLOR_NAME = AccentColor;
				CODE_SIGN_STYLE = Automatic;
				CURRENT_PROJECT_VERSION = 1;
				DEVELOPMENT_TEAM = ZYCY24J2LU;
				GENERATE_INFOPLIST_FILE = YES;
				INFOPLIST_FILE = MyHabits/Info.plist;
				INFOPLIST_KEY_UIApplicationSupportsIndirectInputEvents = YES;
				INFOPLIST_KEY_UILaunchStoryboardName = LaunchScreen;
				INFOPLIST_KEY_UISupportedInterfaceOrientations = UIInterfaceOrientationPortrait;
				INFOPLIST_KEY_UISupportedInterfaceOrientations_iPad = "UIInterfaceOrientationPortrait UIInterfaceOrientationPortraitUpsideDown UIInterfaceOrientationLandscapeLeft UIInterfaceOrientationLandscapeRight";
				INFOPLIST_KEY_UISupportedInterfaceOrientations_iPhone = "UIInterfaceOrientationPortrait UIInterfaceOrientationLandscapeLeft UIInterfaceOrientationLandscapeRight";
				LD_RUNPATH_SEARCH_PATHS = (
					"$(inherited)",
					"@executable_path/Frameworks",
				);
				MARKETING_VERSION = 1.0;
				PRODUCT_BUNDLE_IDENTIFIER = "Yoji-team.MyHabits";
				PRODUCT_NAME = "$(TARGET_NAME)";
				SWIFT_EMIT_LOC_STRINGS = YES;
				SWIFT_VERSION = 5.0;
				TARGETED_DEVICE_FAMILY = "1,2";
			};
			name = Release;
		};
/* End XCBuildConfiguration section */

/* Begin XCConfigurationList section */
		F9C602E328EF054600DDF334 /* Build configuration list for PBXProject "MyHabits" */ = {
			isa = XCConfigurationList;
			buildConfigurations = (
				F9C602FA28EF054800DDF334 /* Debug */,
				F9C602FB28EF054800DDF334 /* Release */,
			);
			defaultConfigurationIsVisible = 0;
			defaultConfigurationName = Release;
		};
		F9C602FC28EF054800DDF334 /* Build configuration list for PBXNativeTarget "MyHabits" */ = {
			isa = XCConfigurationList;
			buildConfigurations = (
				F9C602FD28EF054800DDF334 /* Debug */,
				F9C602FE28EF054800DDF334 /* Release */,
			);
			defaultConfigurationIsVisible = 0;
			defaultConfigurationName = Release;
		};
/* End XCConfigurationList section */
	};
	rootObject = F9C602E028EF054600DDF334 /* Project object */;
}
